
Microsoft Visual Studio Solution File, Format Version 12.00
# Visual Studio Version 16
VisualStudioVersion = 16.0.30114.105
MinimumVisualStudioVersion = 10.0.40219.1
Project("{2150E333-8FDC-42A3-9474-1A3956D46DE8}") = "TPK", "TPK", "{C216A107-3D37-4F79-B9B2-EF2CA1BD6DD5}"
EndProject
Project("{FAE04EC0-301F-11D3-BF4B-00C04F79EFBC}") = "LIB", "TPK\LIB\LIB.csproj", "{2AD3A38F-0A41-452D-97F1-F0797A7E13E0}"
EndProject
Project("{FAE04EC0-301F-11D3-BF4B-00C04F79EFBC}") = "UI", "TPK\UI\UI.csproj", "{1D722891-901A-4644-AA6D-A8BE2137EED4}"
EndProject
Global
	GlobalSection(SolutionConfigurationPlatforms) = preSolution
		Debug|Any CPU = Debug|Any CPU
		Debug|x64 = Debug|x64
		Debug|x86 = Debug|x86
		Release|Any CPU = Release|Any CPU
		Release|x64 = Release|x64
		Release|x86 = Release|x86
	EndGlobalSection
	GlobalSection(SolutionProperties) = preSolution
		HideSolutionNode = FALSE
	EndGlobalSection
	GlobalSection(ProjectConfigurationPlatforms) = postSolution
		{2AD3A38F-0A41-452D-97F1-F0797A7E13E0}.Debug|Any CPU.ActiveCfg = Debug|Any CPU
		{2AD3A38F-0A41-452D-97F1-F0797A7E13E0}.Debug|Any CPU.Build.0 = Debug|Any CPU
		{2AD3A38F-0A41-452D-97F1-F0797A7E13E0}.Debug|x64.ActiveCfg = Debug|Any CPU
		{2AD3A38F-0A41-452D-97F1-F0797A7E13E0}.Debug|x64.Build.0 = Debug|Any CPU
		{2AD3A38F-0A41-452D-97F1-F0797A7E13E0}.Debug|x86.ActiveCfg = Debug|Any CPU
		{2AD3A38F-0A41-452D-97F1-F0797A7E13E0}.Debug|x86.Build.0 = Debug|Any CPU
		{2AD3A38F-0A41-452D-97F1-F0797A7E13E0}.Release|Any CPU.ActiveCfg = Release|Any CPU
		{2AD3A38F-0A41-452D-97F1-F0797A7E13E0}.Release|Any CPU.Build.0 = Release|Any CPU
		{2AD3A38F-0A41-452D-97F1-F0797A7E13E0}.Release|x64.ActiveCfg = Release|Any CPU
		{2AD3A38F-0A41-452D-97F1-F0797A7E13E0}.Release|x64.Build.0 = Release|Any CPU
		{2AD3A38F-0A41-452D-97F1-F0797A7E13E0}.Release|x86.ActiveCfg = Release|Any CPU
		{2AD3A38F-0A41-452D-97F1-F0797A7E13E0}.Release|x86.Build.0 = Release|Any CPU
		{1D722891-901A-4644-AA6D-A8BE2137EED4}.Debug|Any CPU.ActiveCfg = Debug|Any CPU
		{1D722891-901A-4644-AA6D-A8BE2137EED4}.Debug|Any CPU.Build.0 = Debug|Any CPU
		{1D722891-901A-4644-AA6D-A8BE2137EED4}.Debug|x64.ActiveCfg = Debug|Any CPU
		{1D722891-901A-4644-AA6D-A8BE2137EED4}.Debug|x64.Build.0 = Debug|Any CPU
		{1D722891-901A-4644-AA6D-A8BE2137EED4}.Debug|x86.ActiveCfg = Debug|Any CPU
		{1D722891-901A-4644-AA6D-A8BE2137EED4}.Debug|x86.Build.0 = Debug|Any CPU
		{1D722891-901A-4644-AA6D-A8BE2137EED4}.Release|Any CPU.ActiveCfg = Release|Any CPU
		{1D722891-901A-4644-AA6D-A8BE2137EED4}.Release|Any CPU.Build.0 = Release|Any CPU
		{1D722891-901A-4644-AA6D-A8BE2137EED4}.Release|x64.ActiveCfg = Release|Any CPU
		{1D722891-901A-4644-AA6D-A8BE2137EED4}.Release|x64.Build.0 = Release|Any CPU
		{1D722891-901A-4644-AA6D-A8BE2137EED4}.Release|x86.ActiveCfg = Release|Any CPU
		{1D722891-901A-4644-AA6D-A8BE2137EED4}.Release|x86.Build.0 = Release|Any CPU
	EndGlobalSection
	GlobalSection(NestedProjects) = preSolution
		{2AD3A38F-0A41-452D-97F1-F0797A7E13E0} = {C216A107-3D37-4F79-B9B2-EF2CA1BD6DD5}
		{1D722891-901A-4644-AA6D-A8BE2137EED4} = {C216A107-3D37-4F79-B9B2-EF2CA1BD6DD5}
	EndGlobalSection
EndGlobal
